{
  "allow_builds": false,
  "allow_prereleases": false,
  "allow_wheels": true,
  "build_isolation": true,
  "constraints": [],
  "elide_unused_requires_dist": false,
  "excluded": [],
  "locked_resolves": [
    {
      "locked_requirements": [
        {
          "artifacts": [
            {
              "algorithm": "sha256",
              "hash": "7145f0b5061ba90a1500d60bd1b13ca0a8a4cebdd0cc16ed8adf1c0e739f43b4",
              "url": "https://files.pythonhosted.org/packages/cb/8c/2b30c12155ad8de0cf641d76a8b396a16d2c36bc6d50b621a62b7c4567c1/build-1.3.0-py3-none-any.whl"
            }
          ],
          "project_name": "build",
          "requires_dists": [
            "colorama; os_name == \"nt\"",
            "importlib-metadata>=4.6; python_full_version < \"3.10.2\"",
            "packaging>=19.1",
            "pyproject_hooks",
            "tomli>=1.1.0; python_version < \"3.11\"",
            "uv>=0.1.18; extra == \"uv\"",
            "virtualenv>=20.11; extra == \"virtualenv\" and python_version < \"3.10\"",
            "virtualenv>=20.17; extra == \"virtualenv\" and (python_version >= \"3.10\" and python_version < \"3.14\")",
            "virtualenv>=20.31; extra == \"virtualenv\" and python_version >= \"3.14\""
          ],
          "requires_python": ">=3.9",
          "version": "1.3.0"
        },
        {
          "artifacts": [
            {
              "algorithm": "sha256",
              "hash": "29572ef2b1f17581046b3a2227d5c611fb25ec70ca1ba8554b24b0e69331a484",
              "url": "https://files.pythonhosted.org/packages/20/12/38679034af332785aac8774540895e234f4d07f7545804097de4b666afd8/packaging-25.0-py3-none-any.whl"
            }
          ],
          "project_name": "packaging",
          "requires_dists": [],
          "requires_python": ">=3.8",
          "version": "25.0"
        },
        {
          "artifacts": [
            {
              "algorithm": "sha256",
              "hash": "05dae618e9c800a47be4551f66f5a0d3eed56778e9481c0a85235d3b8023ec69",
              "url": "https://files.pythonhosted.org/packages/55/ca/bda0b65991699dc9596a575ba495d1b910d07da947d29e10015bbb4f1ded/pex-2.77.0-py3.py312-none-any.whl"
            }
          ],
          "project_name": "pex",
          "requires_dists": [
            "psutil>=5.3; extra == \"management\"",
            "subprocess32>=3.2.7; python_version < \"3\" and extra == \"subprocess\""
          ],
          "requires_python": "!=3.0.*,!=3.1.*,!=3.2.*,!=3.3.*,!=3.4.*,<3.16,>=2.7",
          "version": "2.77.0"
        },
        {
          "artifacts": [
            {
              "algorithm": "sha256",
              "hash": "9e5c6bfa8dcc30091c74b0cf803c81fdd29d94f01992a7707bc97babb1141913",
              "url": "https://files.pythonhosted.org/packages/bd/24/12818598c362d7f300f18e74db45963dbcb85150324092410c8b49405e42/pyproject_hooks-1.2.0-py3-none-any.whl"
            }
          ],
          "project_name": "pyproject-hooks",
          "requires_dists": [],
          "requires_python": ">=3.7",
          "version": "1.2.0"
        }
      ],
      "marker": null,
      "platform_tag": [
        "cp313",
        "cp313",
        "macosx_15_0_arm64"
      ]
    },
    {
      "locked_requirements": [
        {
          "artifacts": [
            {
              "algorithm": "sha256",
              "hash": "7145f0b5061ba90a1500d60bd1b13ca0a8a4cebdd0cc16ed8adf1c0e739f43b4",
              "url": "https://files.pythonhosted.org/packages/cb/8c/2b30c12155ad8de0cf641d76a8b396a16d2c36bc6d50b621a62b7c4567c1/build-1.3.0-py3-none-any.whl"
            }
          ],
          "project_name": "build",
          "requires_dists": [
            "colorama; os_name == \"nt\"",
            "importlib-metadata>=4.6; python_full_version < \"3.10.2\"",
            "packaging>=19.1",
            "pyproject_hooks",
            "tomli>=1.1.0; python_version < \"3.11\"",
            "uv>=0.1.18; extra == \"uv\"",
            "virtualenv>=20.11; extra == \"virtualenv\" and python_version < \"3.10\"",
            "virtualenv>=20.17; extra == \"virtualenv\" and (python_version >= \"3.10\" and python_version < \"3.14\")",
            "virtualenv>=20.31; extra == \"virtualenv\" and python_version >= \"3.14\""
          ],
          "requires_python": ">=3.9",
          "version": "1.3.0"
        },
        {
          "artifacts": [
            {
              "algorithm": "sha256",
              "hash": "29572ef2b1f17581046b3a2227d5c611fb25ec70ca1ba8554b24b0e69331a484",
              "url": "https://files.pythonhosted.org/packages/20/12/38679034af332785aac8774540895e234f4d07f7545804097de4b666afd8/packaging-25.0-py3-none-any.whl"
            }
          ],
          "project_name": "packaging",
          "requires_dists": [],
          "requires_python": ">=3.8",
          "version": "25.0"
        },
        {
          "artifacts": [
            {
              "algorithm": "sha256",
              "hash": "a45e3c82ef799803909dcf6b2f00fbb9640c3afd73c621417f4c22de90f4b762",
              "url": "https://files.pythonhosted.org/packages/f9/f3/e05f3643bcd826585aa6a4a8f38b61adef7d8a84754c6feb9dcdcc9d4ebd/pex-2.77.0-py2.py35.py36.py37.py38.py39.py310.py311-none-any.whl"
            }
          ],
          "project_name": "pex",
          "requires_dists": [
            "psutil>=5.3; extra == \"management\"",
            "subprocess32>=3.2.7; python_version < \"3\" and extra == \"subprocess\""
          ],
          "requires_python": "!=3.0.*,!=3.1.*,!=3.2.*,!=3.3.*,!=3.4.*,<3.16,>=2.7",
          "version": "2.77.0"
        },
        {
          "artifacts": [
            {
              "algorithm": "sha256",
              "hash": "9e5c6bfa8dcc30091c74b0cf803c81fdd29d94f01992a7707bc97babb1141913",
              "url": "https://files.pythonhosted.org/packages/bd/24/12818598c362d7f300f18e74db45963dbcb85150324092410c8b49405e42/pyproject_hooks-1.2.0-py3-none-any.whl"
            }
          ],
          "project_name": "pyproject-hooks",
          "requires_dists": [],
          "requires_python": ">=3.7",
          "version": "1.2.0"
        }
      ],
      "marker": null,
      "platform_tag": [
        "cp311",
        "cp311",
        "macosx_15_0_arm64"
      ]
    }
  ],
  "only_builds": [],
  "only_wheels": [],
  "overridden": [],
  "path_mappings": {},
  "pex_version": "2.77.0",
  "pip_version": "23.2",
  "prefer_older_binary": false,
  "requirements": [
    "build==1.3.0",
    "pex==2.77.0"
  ],
  "requires_python": [],
  "resolver_version": "pip-2020-resolver",
  "style": "strict",
  "target_systems": [],
  "transitive": true,
  "use_pep517": null,
  "use_system_time": false
}
